{
  "originHash" : "fc9d30627f822a607cc6eefd2b51e1439659673de46a3b190bae25a5dc74c7d2",
  "pins" : [
    {
      "identity" : "alamofire",
      "kind" : "remoteSourceControl",
      "location" : "https://github.com/Alamofire/Alamofire",
      "state" : {
        "revision" : "513364f870f6bfc468f9d2ff0a95caccc10044c5",
        "version" : "5.10.2"
      }
    },
    {
      "identity" : "swinject",
      "kind" : "remoteSourceControl",
      "location" : "https://github.com/Swinject/Swinject",
      "state" : {
        "revision" : "b685b549fe4d8ae265fc7a2f27d0789720425d69",
        "version" : "2.10.0"
      }
    }
  ],
  "version" : 3
}
